
Microsoft Visual Studio Solution File, Format Version 12.00
# Visual Studio 15
VisualStudioVersion = 15.0.26124.0
MinimumVisualStudioVersion = 15.0.26124.0
Project("{2150E333-8FDC-42A3-9474-1A3956D46DE8}") = "samples", "samples", "{C346CF22-FBA4-488C-A4FE-063370AD521E}"
EndProject
Project("{FAE04EC0-301F-11D3-BF4B-00C04F79EFBC}") = "DefaultV3InProcessFunction", "samples\DefaultV3InProcessFunction\DefaultV3InProcessFunction.csproj", "{751DDE37-DE25-4417-93C1-4FE86233983C}"
EndProject
Project("{FAE04EC0-301F-11D3-BF4B-00C04F79EFBC}") = "CustomFunction", "samples\CustomFunction\CustomFunction.csproj", "{55BE19D5-7ADE-4408-ACE5-8442BDA01A5E}"
EndProject
Project("{2150E333-8FDC-42A3-9474-1A3956D46DE8}") = "tests", "tests", "{307699FB-B6E0-4326-8D53-2872E0CE737D}"
EndProject
Project("{FAE04EC0-301F-11D3-BF4B-00C04F79EFBC}") = "Custom.FunctionsTelemetryTests", "tests\Custom.FunctionsTelemetryTests\Custom.FunctionsTelemetryTests.csproj", "{55E4560C-DFD9-41CD-88DF-7E8427DFCA35}"
EndProject
Project("{2150E333-8FDC-42A3-9474-1A3956D46DE8}") = "src", "src", "{E7564337-E755-4355-A470-33731471CE2B}"
EndProject
Project("{FAE04EC0-301F-11D3-BF4B-00C04F79EFBC}") = "Custom.FunctionsTelemetry", "src\Custom.FunctionsTelemetry\Custom.FunctionsTelemetry.csproj", "{B82D9052-8BC8-4EF7-9F15-7C6D362504FC}"
EndProject
Project("{FAE04EC0-301F-11D3-BF4B-00C04F79EFBC}") = "DefaultV4InProcessFunction", "samples\DefaultV4InProcessFunction\DefaultV4InProcessFunction.csproj", "{E46EC551-91A7-40F4-A19C-905C67E9DDA9}"
EndProject
Global
	GlobalSection(SolutionConfigurationPlatforms) = preSolution
		Debug|Any CPU = Debug|Any CPU
		Debug|x64 = Debug|x64
		Debug|x86 = Debug|x86
		Release|Any CPU = Release|Any CPU
		Release|x64 = Release|x64
		Release|x86 = Release|x86
	EndGlobalSection
	GlobalSection(SolutionProperties) = preSolution
		HideSolutionNode = FALSE
	EndGlobalSection
	GlobalSection(ProjectConfigurationPlatforms) = postSolution
		{751DDE37-DE25-4417-93C1-4FE86233983C}.Debug|Any CPU.ActiveCfg = Debug|Any CPU
		{751DDE37-DE25-4417-93C1-4FE86233983C}.Debug|Any CPU.Build.0 = Debug|Any CPU
		{751DDE37-DE25-4417-93C1-4FE86233983C}.Debug|x64.ActiveCfg = Debug|Any CPU
		{751DDE37-DE25-4417-93C1-4FE86233983C}.Debug|x64.Build.0 = Debug|Any CPU
		{751DDE37-DE25-4417-93C1-4FE86233983C}.Debug|x86.ActiveCfg = Debug|Any CPU
		{751DDE37-DE25-4417-93C1-4FE86233983C}.Debug|x86.Build.0 = Debug|Any CPU
		{751DDE37-DE25-4417-93C1-4FE86233983C}.Release|Any CPU.ActiveCfg = Release|Any CPU
		{751DDE37-DE25-4417-93C1-4FE86233983C}.Release|Any CPU.Build.0 = Release|Any CPU
		{751DDE37-DE25-4417-93C1-4FE86233983C}.Release|x64.ActiveCfg = Release|Any CPU
		{751DDE37-DE25-4417-93C1-4FE86233983C}.Release|x64.Build.0 = Release|Any CPU
		{751DDE37-DE25-4417-93C1-4FE86233983C}.Release|x86.ActiveCfg = Release|Any CPU
		{751DDE37-DE25-4417-93C1-4FE86233983C}.Release|x86.Build.0 = Release|Any CPU
		{55BE19D5-7ADE-4408-ACE5-8442BDA01A5E}.Debug|Any CPU.ActiveCfg = Debug|Any CPU
		{55BE19D5-7ADE-4408-ACE5-8442BDA01A5E}.Debug|Any CPU.Build.0 = Debug|Any CPU
		{55BE19D5-7ADE-4408-ACE5-8442BDA01A5E}.Debug|x64.ActiveCfg = Debug|Any CPU
		{55BE19D5-7ADE-4408-ACE5-8442BDA01A5E}.Debug|x64.Build.0 = Debug|Any CPU
		{55BE19D5-7ADE-4408-ACE5-8442BDA01A5E}.Debug|x86.ActiveCfg = Debug|Any CPU
		{55BE19D5-7ADE-4408-ACE5-8442BDA01A5E}.Debug|x86.Build.0 = Debug|Any CPU
		{55BE19D5-7ADE-4408-ACE5-8442BDA01A5E}.Release|Any CPU.ActiveCfg = Release|Any CPU
		{55BE19D5-7ADE-4408-ACE5-8442BDA01A5E}.Release|Any CPU.Build.0 = Release|Any CPU
		{55BE19D5-7ADE-4408-ACE5-8442BDA01A5E}.Release|x64.ActiveCfg = Release|Any CPU
		{55BE19D5-7ADE-4408-ACE5-8442BDA01A5E}.Release|x64.Build.0 = Release|Any CPU
		{55BE19D5-7ADE-4408-ACE5-8442BDA01A5E}.Release|x86.ActiveCfg = Release|Any CPU
		{55BE19D5-7ADE-4408-ACE5-8442BDA01A5E}.Release|x86.Build.0 = Release|Any CPU
		{55E4560C-DFD9-41CD-88DF-7E8427DFCA35}.Debug|Any CPU.ActiveCfg = Debug|Any CPU
		{55E4560C-DFD9-41CD-88DF-7E8427DFCA35}.Debug|Any CPU.Build.0 = Debug|Any CPU
		{55E4560C-DFD9-41CD-88DF-7E8427DFCA35}.Debug|x64.ActiveCfg = Debug|Any CPU
		{55E4560C-DFD9-41CD-88DF-7E8427DFCA35}.Debug|x64.Build.0 = Debug|Any CPU
		{55E4560C-DFD9-41CD-88DF-7E8427DFCA35}.Debug|x86.ActiveCfg = Debug|Any CPU
		{55E4560C-DFD9-41CD-88DF-7E8427DFCA35}.Debug|x86.Build.0 = Debug|Any CPU
		{55E4560C-DFD9-41CD-88DF-7E8427DFCA35}.Release|Any CPU.ActiveCfg = Release|Any CPU
		{55E4560C-DFD9-41CD-88DF-7E8427DFCA35}.Release|Any CPU.Build.0 = Release|Any CPU
		{55E4560C-DFD9-41CD-88DF-7E8427DFCA35}.Release|x64.ActiveCfg = Release|Any CPU
		{55E4560C-DFD9-41CD-88DF-7E8427DFCA35}.Release|x64.Build.0 = Release|Any CPU
		{55E4560C-DFD9-41CD-88DF-7E8427DFCA35}.Release|x86.ActiveCfg = Release|Any CPU
		{55E4560C-DFD9-41CD-88DF-7E8427DFCA35}.Release|x86.Build.0 = Release|Any CPU
		{B82D9052-8BC8-4EF7-9F15-7C6D362504FC}.Debug|Any CPU.ActiveCfg = Debug|Any CPU
		{B82D9052-8BC8-4EF7-9F15-7C6D362504FC}.Debug|Any CPU.Build.0 = Debug|Any CPU
		{B82D9052-8BC8-4EF7-9F15-7C6D362504FC}.Debug|x64.ActiveCfg = Debug|Any CPU
		{B82D9052-8BC8-4EF7-9F15-7C6D362504FC}.Debug|x64.Build.0 = Debug|Any CPU
		{B82D9052-8BC8-4EF7-9F15-7C6D362504FC}.Debug|x86.ActiveCfg = Debug|Any CPU
		{B82D9052-8BC8-4EF7-9F15-7C6D362504FC}.Debug|x86.Build.0 = Debug|Any CPU
		{B82D9052-8BC8-4EF7-9F15-7C6D362504FC}.Release|Any CPU.ActiveCfg = Release|Any CPU
		{B82D9052-8BC8-4EF7-9F15-7C6D362504FC}.Release|Any CPU.Build.0 = Release|Any CPU
		{B82D9052-8BC8-4EF7-9F15-7C6D362504FC}.Release|x64.ActiveCfg = Release|Any CPU
		{B82D9052-8BC8-4EF7-9F15-7C6D362504FC}.Release|x64.Build.0 = Release|Any CPU
		{B82D9052-8BC8-4EF7-9F15-7C6D362504FC}.Release|x86.ActiveCfg = Release|Any CPU
		{B82D9052-8BC8-4EF7-9F15-7C6D362504FC}.Release|x86.Build.0 = Release|Any CPU
		{E46EC551-91A7-40F4-A19C-905C67E9DDA9}.Debug|Any CPU.ActiveCfg = Debug|Any CPU
		{E46EC551-91A7-40F4-A19C-905C67E9DDA9}.Debug|Any CPU.Build.0 = Debug|Any CPU
		{E46EC551-91A7-40F4-A19C-905C67E9DDA9}.Debug|x64.ActiveCfg = Debug|Any CPU
		{E46EC551-91A7-40F4-A19C-905C67E9DDA9}.Debug|x64.Build.0 = Debug|Any CPU
		{E46EC551-91A7-40F4-A19C-905C67E9DDA9}.Debug|x86.ActiveCfg = Debug|Any CPU
		{E46EC551-91A7-40F4-A19C-905C67E9DDA9}.Debug|x86.Build.0 = Debug|Any CPU
		{E46EC551-91A7-40F4-A19C-905C67E9DDA9}.Release|Any CPU.ActiveCfg = Release|Any CPU
		{E46EC551-91A7-40F4-A19C-905C67E9DDA9}.Release|Any CPU.Build.0 = Release|Any CPU
		{E46EC551-91A7-40F4-A19C-905C67E9DDA9}.Release|x64.ActiveCfg = Release|Any CPU
		{E46EC551-91A7-40F4-A19C-905C67E9DDA9}.Release|x64.Build.0 = Release|Any CPU
		{E46EC551-91A7-40F4-A19C-905C67E9DDA9}.Release|x86.ActiveCfg = Release|Any CPU
		{E46EC551-91A7-40F4-A19C-905C67E9DDA9}.Release|x86.Build.0 = Release|Any CPU
	EndGlobalSection
	GlobalSection(NestedProjects) = preSolution
		{751DDE37-DE25-4417-93C1-4FE86233983C} = {C346CF22-FBA4-488C-A4FE-063370AD521E}
		{55BE19D5-7ADE-4408-ACE5-8442BDA01A5E} = {C346CF22-FBA4-488C-A4FE-063370AD521E}
		{55E4560C-DFD9-41CD-88DF-7E8427DFCA35} = {307699FB-B6E0-4326-8D53-2872E0CE737D}
		{B82D9052-8BC8-4EF7-9F15-7C6D362504FC} = {E7564337-E755-4355-A470-33731471CE2B}
		{E46EC551-91A7-40F4-A19C-905C67E9DDA9} = {C346CF22-FBA4-488C-A4FE-063370AD521E}
	EndGlobalSection
EndGlobal
